Microsoft Visual Studio Solution File, Format Version 12.00
# Visual Studio Version 17
VisualStudioVersion = 17.10.35013.160
MinimumVisualStudioVersion = 10.0.40219.1
Project("{9A19103F-16F7-4668-BE54-9A1E7A4F7556}") = "ManipulationDemo", "ManipulationDemo\ManipulationDemo.csproj", "{EA6E3FAD-AB75-418D-9062-6C694581CCDC}"
EndProject
Project("{9A19103F-16F7-4668-BE54-9A1E7A4F7556}") = "ManipulationDemoCpfX11", "ManipulationDemoCpfX11\ManipulationDemoCpfX11.csproj", "{45E14B3C-81F4-4B9C-87A8-5803ED9E3E4B}"
EndProject
Global
	GlobalSection(SolutionConfigurationPlatforms) = preSolution
		Debug|Any CPU = Debug|Any CPU
		Release|Any CPU = Release|Any CPU
	EndGlobalSection
	GlobalSection(ProjectConfigurationPlatforms) = postSolution
		{45E14B3C-81F4-4B9C-87A8-5803ED9E3E4B}.Debug|Any CPU.ActiveCfg = Debug|Any CPU
		{45E14B3C-81F4-4B9C-87A8-5803ED9E3E4B}.Debug|Any CPU.Build.0 = Debug|Any CPU
		{45E14B3C-81F4-4B9C-87A8-5803ED9E3E4B}.Release|Any CPU.ActiveCfg = Release|Any CPU
		{45E14B3C-81F4-4B9C-87A8-5803ED9E3E4B}.Release|Any CPU.Build.0 = Release|Any CPU
		{EA6E3FAD-AB75-418D-9062-6C694581CCDC}.Debug|Any CPU.ActiveCfg = Debug|Any CPU
		{EA6E3FAD-AB75-418D-9062-6C694581CCDC}.Debug|Any CPU.Build.0 = Debug|Any CPU
		{EA6E3FAD-AB75-418D-9062-6C694581CCDC}.Release|Any CPU.ActiveCfg = Release|Any CPU
		{EA6E3FAD-AB75-418D-9062-6C694581CCDC}.Release|Any CPU.Build.0 = Release|Any CPU
	EndGlobalSection
	GlobalSection(SolutionProperties) = preSolution
		HideSolutionNode = FALSE
	EndGlobalSection
	GlobalSection(ExtensibilityGlobals) = postSolution
		SolutionGuid = {9B86C617-053F-4192-AC4A-AC1DB1363718}
	EndGlobalSection
EndGlobal
